// !$*UTF8*$!
{
 archiveVersion = 1; classes = {}; objectVersion = 56;
 objects = {
  A00000000000000000000001 = {isa = PBXProject; buildConfigurationList = A00000000000000000000002; compatibilityVersion = "Xcode 14.0"; developmentRegion = en; hasScannedForEncodings = 0; knownRegions = (en, Base); mainGroup = A00000000000000000000003; productRefGroup = A00000000000000000000004; projectDirPath = ""; projectRoot = ""; targets = (A00000000000000000000005); packageReferences = (A00000000000000000000010); };
  A00000000000000000000002 = {isa = XCConfigurationList; buildConfigurations = (A00000000000000000000006, A00000000000000000000007); defaultConfigurationIsVisible = 0; defaultConfigurationName = Release; };
  A00000000000000000000003 = {isa = PBXGroup; children = (A00000000000000000000008, A00000000000000000000004); sourceTree = "<group>"; };
  A00000000000000000000004 = {isa = PBXGroup; children = (A00000000000000000000009); name = Products; sourceTree = "<group>"; };
  A00000000000000000000005 = {isa = PBXNativeTarget; buildConfigurationList = A00000000000000000000011; buildPhases = (A00000000000000000000012, A00000000000000000000013); buildRules = (); dependencies = (); name = Cairn; packageProductDependencies = (A00000000000000000000014); productName = Cairn; productReference = A00000000000000000000009; productType = "com.apple.product-type.application"; };
  A00000000000000000000006 = {isa = XCBuildConfiguration; buildSettings = {SDKROOT = iphoneos; IPHONEOS_DEPLOYMENT_TARGET = 17.0; SWIFT_VERSION = 5.0; }; name = Debug; };
  A00000000000000000000007 = {isa = XCBuildConfiguration; buildSettings = {SDKROOT = iphoneos; IPHONEOS_DEPLOYMENT_TARGET = 17.0; SWIFT_VERSION = 5.0; }; name = Release; };
  A00000000000000000000008 = {isa = PBXFileReference; lastKnownFileType = sourcecode.swift; path = CairnApp/CairnApp.swift; sourceTree = "<group>"; };
  A00000000000000000000009 = {isa = PBXFileReference; explicitFileType = wrapper.application; path = Cairn.app; sourceTree = BUILT_PRODUCTS_DIR; };
  A00000000000000000000010 = {isa = XCLocalSwiftPackageReference; relativePath = .; };
  A00000000000000000000011 = {isa = XCConfigurationList; buildConfigurations = (A00000000000000000000015, A00000000000000000000016); defaultConfigurationIsVisible = 0; defaultConfigurationName = Release; };
  A00000000000000000000012 = {isa = PBXSourcesBuildPhase; buildActionMask = 2147483647; files = (A00000000000000000000017); runOnlyForDeploymentPostprocessing = 0; };
  A00000000000000000000013 = {isa = PBXFrameworksBuildPhase; buildActionMask = 2147483647; files = (A00000000000000000000018); runOnlyForDeploymentPostprocessing = 0; };
  A00000000000000000000014 = {isa = XCSwiftPackageProductDependency; productName = CairnKit; };
  A00000000000000000000015 = {isa = XCBuildConfiguration; buildSettings = {CODE_SIGN_STYLE = Automatic; CODE_SIGN_ENTITLEMENTS = CairnApp/Cairn.entitlements; INFOPLIST_FILE = CairnApp/Info.plist; PRODUCT_BUNDLE_IDENTIFIER = tech.cairn.app; PRODUCT_NAME = "$(TARGET_NAME)"; TARGETED_DEVICE_FAMILY = "1,2"; SWIFT_OPTIMIZATION_LEVEL = "-Onone"; }; name = Debug; };
  A00000000000000000000016 = {isa = XCBuildConfiguration; buildSettings = {CODE_SIGN_STYLE = Automatic; CODE_SIGN_ENTITLEMENTS = CairnApp/Cairn.entitlements; INFOPLIST_FILE = CairnApp/Info.plist; PRODUCT_BUNDLE_IDENTIFIER = tech.cairn.app; PRODUCT_NAME = "$(TARGET_NAME)"; TARGETED_DEVICE_FAMILY = "1,2"; }; name = Release; };
  A00000000000000000000017 = {isa = PBXBuildFile; fileRef = A00000000000000000000008; };
  A00000000000000000000018 = {isa = PBXBuildFile; productRef = A00000000000000000000014; };
 };
 rootObject = A00000000000000000000001;
}
